
Microsoft Visual Studio Solution File, Format Version 12.00
# Visual Studio Version 17
VisualStudioVersion = 17.1.32414.318
MinimumVisualStudioVersion = 10.0.40219.1
Project("{9A19103F-16F7-4668-BE54-9A1E7A4F7556}") = "DataAccess", "DataAccess\DataAccess.csproj", "{3658EAB9-E211-4405-A536-587429BD6274}"
EndProject
Project("{9A19103F-16F7-4668-BE54-9A1E7A4F7556}") = "Business", "Business\Business.csproj", "{BA2BC522-1080-4ECA-938E-9065435BDEAC}"
EndProject
Project("{9A19103F-16F7-4668-BE54-9A1E7A4F7556}") = "Entities", "Entities\Entities.csproj", "{5189D806-F428-4B57-9FB6-3F9D01EE4BCC}"
EndProject
Project("{9A19103F-16F7-4668-BE54-9A1E7A4F7556}") = "ConsoleUI", "ConsoleUI\ConsoleUI.csproj", "{28A59C0E-75C7-4578-97F3-D5036FCFF230}"
EndProject
Project("{FAE04EC0-301F-11D3-BF4B-00C04F79EFBC}") = "Core", "Core\Core.csproj", "{4FA67F2B-DDAC-4E22-8754-04447E03DFC2}"
EndProject
Global
	GlobalSection(SolutionConfigurationPlatforms) = preSolution
		Debug|Any CPU = Debug|Any CPU
		Release|Any CPU = Release|Any CPU
	EndGlobalSection
	GlobalSection(ProjectConfigurationPlatforms) = postSolution
		{3658EAB9-E211-4405-A536-587429BD6274}.Debug|Any CPU.ActiveCfg = Debug|Any CPU
		{3658EAB9-E211-4405-A536-587429BD6274}.Debug|Any CPU.Build.0 = Debug|Any CPU
		{3658EAB9-E211-4405-A536-587429BD6274}.Release|Any CPU.ActiveCfg = Release|Any CPU
		{3658EAB9-E211-4405-A536-587429BD6274}.Release|Any CPU.Build.0 = Release|Any CPU
		{BA2BC522-1080-4ECA-938E-9065435BDEAC}.Debug|Any CPU.ActiveCfg = Debug|Any CPU
		{BA2BC522-1080-4ECA-938E-9065435BDEAC}.Debug|Any CPU.Build.0 = Debug|Any CPU
		{BA2BC522-1080-4ECA-938E-9065435BDEAC}.Release|Any CPU.ActiveCfg = Release|Any CPU
		{BA2BC522-1080-4ECA-938E-9065435BDEAC}.Release|Any CPU.Build.0 = Release|Any CPU
		{5189D806-F428-4B57-9FB6-3F9D01EE4BCC}.Debug|Any CPU.ActiveCfg = Debug|Any CPU
		{5189D806-F428-4B57-9FB6-3F9D01EE4BCC}.Debug|Any CPU.Build.0 = Debug|Any CPU
		{5189D806-F428-4B57-9FB6-3F9D01EE4BCC}.Release|Any CPU.ActiveCfg = Release|Any CPU
		{5189D806-F428-4B57-9FB6-3F9D01EE4BCC}.Release|Any CPU.Build.0 = Release|Any CPU
		{28A59C0E-75C7-4578-97F3-D5036FCFF230}.Debug|Any CPU.ActiveCfg = Debug|Any CPU
		{28A59C0E-75C7-4578-97F3-D5036FCFF230}.Debug|Any CPU.Build.0 = Debug|Any CPU
		{28A59C0E-75C7-4578-97F3-D5036FCFF230}.Release|Any CPU.ActiveCfg = Release|Any CPU
		{28A59C0E-75C7-4578-97F3-D5036FCFF230}.Release|Any CPU.Build.0 = Release|Any CPU
		{4FA67F2B-DDAC-4E22-8754-04447E03DFC2}.Debug|Any CPU.ActiveCfg = Debug|Any CPU
		{4FA67F2B-DDAC-4E22-8754-04447E03DFC2}.Debug|Any CPU.Build.0 = Debug|Any CPU
		{4FA67F2B-DDAC-4E22-8754-04447E03DFC2}.Release|Any CPU.ActiveCfg = Release|Any CPU
		{4FA67F2B-DDAC-4E22-8754-04447E03DFC2}.Release|Any CPU.Build.0 = Release|Any CPU
	EndGlobalSection
	GlobalSection(SolutionProperties) = preSolution
		HideSolutionNode = FALSE
	EndGlobalSection
	GlobalSection(ExtensibilityGlobals) = postSolution
		SolutionGuid = {84311078-DE91-4A1C-BC4C-CAE082B5D592}
	EndGlobalSection
EndGlobal
